
Microsoft Visual Studio Solution File, Format Version 12.00
# Visual Studio Version 16
VisualStudioVersion = 16.0.30413.136
MinimumVisualStudioVersion = 15.0.26124.0
Project("{2150E333-8FDC-42A3-9474-1A3956D46DE8}") = "UIStyles", "UIStyles", "{4BD170EA-2711-4C27-B2A2-1C02E4DDF62D}"
EndProject
Project("{9A19103F-16F7-4668-BE54-9A1E7A4F7556}") = "DownTube.Core", "DownTube.Core\DownTube.Core.csproj", "{A5EF054F-FDDC-4734-9137-3BAD214E6E94}"
EndProject
Project("{9A19103F-16F7-4668-BE54-9A1E7A4F7556}") = "DownTube.ConsoleUI", "DownTube.ConsoleUI\DownTube.ConsoleUI.csproj", "{B7C57464-8A5F-4463-A7FD-C187BF4FF7C0}"
EndProject
Project("{FAE04EC0-301F-11D3-BF4B-00C04F79EFBC}") = "DownTube.UWP", "DownTube.UWP\DownTube.UWP.csproj", "{5F6D1835-E9A9-479E-8AC5-713DB59D92DB}"
EndProject
Project("{FAE04EC0-301F-11D3-BF4B-00C04F79EFBC}") = "DownTube.Modern", "DownTube.Modern\DownTube.Modern.csproj", "{3AAF134A-699B-48F6-AACB-9C5388614714}"
EndProject
Project("{FAE04EC0-301F-11D3-BF4B-00C04F79EFBC}") = "DownTube.BackgroundService", "DownTube.BackgroundService\DownTube.BackgroundService.csproj", "{F687E031-36D1-4B68-9F62-F855F4D9860D}"
EndProject
Project("{FAE04EC0-301F-11D3-BF4B-00C04F79EFBC}") = "DownTube.Win32", "DownTube.Win32\DownTube.Win32.csproj", "{515B9FA6-3B71-4B33-A80B-E2E3CA3CE538}"
EndProject
Global
	GlobalSection(SolutionConfigurationPlatforms) = preSolution
		Debug|Any CPU = Debug|Any CPU
		Debug|ARM = Debug|ARM
		Debug|ARM64 = Debug|ARM64
		Debug|x64 = Debug|x64
		Debug|x86 = Debug|x86
		Release|Any CPU = Release|Any CPU
		Release|ARM = Release|ARM
		Release|ARM64 = Release|ARM64
		Release|x64 = Release|x64
		Release|x86 = Release|x86
	EndGlobalSection
	GlobalSection(ProjectConfigurationPlatforms) = postSolution
		{A5EF054F-FDDC-4734-9137-3BAD214E6E94}.Debug|Any CPU.ActiveCfg = Debug|Any CPU
		{A5EF054F-FDDC-4734-9137-3BAD214E6E94}.Debug|Any CPU.Build.0 = Debug|Any CPU
		{A5EF054F-FDDC-4734-9137-3BAD214E6E94}.Debug|ARM.ActiveCfg = Debug|Any CPU
		{A5EF054F-FDDC-4734-9137-3BAD214E6E94}.Debug|ARM.Build.0 = Debug|Any CPU
		{A5EF054F-FDDC-4734-9137-3BAD214E6E94}.Debug|ARM64.ActiveCfg = Debug|Any CPU
		{A5EF054F-FDDC-4734-9137-3BAD214E6E94}.Debug|ARM64.Build.0 = Debug|Any CPU
		{A5EF054F-FDDC-4734-9137-3BAD214E6E94}.Debug|x64.ActiveCfg = Debug|Any CPU
		{A5EF054F-FDDC-4734-9137-3BAD214E6E94}.Debug|x64.Build.0 = Debug|Any CPU
		{A5EF054F-FDDC-4734-9137-3BAD214E6E94}.Debug|x86.ActiveCfg = Debug|Any CPU
		{A5EF054F-FDDC-4734-9137-3BAD214E6E94}.Debug|x86.Build.0 = Debug|Any CPU
		{A5EF054F-FDDC-4734-9137-3BAD214E6E94}.Release|Any CPU.ActiveCfg = Release|Any CPU
		{A5EF054F-FDDC-4734-9137-3BAD214E6E94}.Release|Any CPU.Build.0 = Release|Any CPU
		{A5EF054F-FDDC-4734-9137-3BAD214E6E94}.Release|ARM.ActiveCfg = Release|Any CPU
		{A5EF054F-FDDC-4734-9137-3BAD214E6E94}.Release|ARM.Build.0 = Release|Any CPU
		{A5EF054F-FDDC-4734-9137-3BAD214E6E94}.Release|ARM64.ActiveCfg = Release|Any CPU
		{A5EF054F-FDDC-4734-9137-3BAD214E6E94}.Release|ARM64.Build.0 = Release|Any CPU
		{A5EF054F-FDDC-4734-9137-3BAD214E6E94}.Release|x64.ActiveCfg = Release|Any CPU
		{A5EF054F-FDDC-4734-9137-3BAD214E6E94}.Release|x64.Build.0 = Release|Any CPU
		{A5EF054F-FDDC-4734-9137-3BAD214E6E94}.Release|x86.ActiveCfg = Release|Any CPU
		{A5EF054F-FDDC-4734-9137-3BAD214E6E94}.Release|x86.Build.0 = Release|Any CPU
		{B7C57464-8A5F-4463-A7FD-C187BF4FF7C0}.Debug|Any CPU.ActiveCfg = Debug|Any CPU
		{B7C57464-8A5F-4463-A7FD-C187BF4FF7C0}.Debug|Any CPU.Build.0 = Debug|Any CPU
		{B7C57464-8A5F-4463-A7FD-C187BF4FF7C0}.Debug|ARM.ActiveCfg = Debug|Any CPU
		{B7C57464-8A5F-4463-A7FD-C187BF4FF7C0}.Debug|ARM.Build.0 = Debug|Any CPU
		{B7C57464-8A5F-4463-A7FD-C187BF4FF7C0}.Debug|ARM64.ActiveCfg = Debug|Any CPU
		{B7C57464-8A5F-4463-A7FD-C187BF4FF7C0}.Debug|ARM64.Build.0 = Debug|Any CPU
		{B7C57464-8A5F-4463-A7FD-C187BF4FF7C0}.Debug|x64.ActiveCfg = Debug|Any CPU
		{B7C57464-8A5F-4463-A7FD-C187BF4FF7C0}.Debug|x64.Build.0 = Debug|Any CPU
		{B7C57464-8A5F-4463-A7FD-C187BF4FF7C0}.Debug|x86.ActiveCfg = Debug|Any CPU
		{B7C57464-8A5F-4463-A7FD-C187BF4FF7C0}.Debug|x86.Build.0 = Debug|Any CPU
		{B7C57464-8A5F-4463-A7FD-C187BF4FF7C0}.Release|Any CPU.ActiveCfg = Release|Any CPU
		{B7C57464-8A5F-4463-A7FD-C187BF4FF7C0}.Release|Any CPU.Build.0 = Release|Any CPU
		{B7C57464-8A5F-4463-A7FD-C187BF4FF7C0}.Release|ARM.ActiveCfg = Release|Any CPU
		{B7C57464-8A5F-4463-A7FD-C187BF4FF7C0}.Release|ARM.Build.0 = Release|Any CPU
		{B7C57464-8A5F-4463-A7FD-C187BF4FF7C0}.Release|ARM64.ActiveCfg = Release|Any CPU
		{B7C57464-8A5F-4463-A7FD-C187BF4FF7C0}.Release|ARM64.Build.0 = Release|Any CPU
		{B7C57464-8A5F-4463-A7FD-C187BF4FF7C0}.Release|x64.ActiveCfg = Release|Any CPU
		{B7C57464-8A5F-4463-A7FD-C187BF4FF7C0}.Release|x64.Build.0 = Release|Any CPU
		{B7C57464-8A5F-4463-A7FD-C187BF4FF7C0}.Release|x86.ActiveCfg = Release|Any CPU
		{B7C57464-8A5F-4463-A7FD-C187BF4FF7C0}.Release|x86.Build.0 = Release|Any CPU
		{5F6D1835-E9A9-479E-8AC5-713DB59D92DB}.Debug|Any CPU.ActiveCfg = Debug|x86
		{5F6D1835-E9A9-479E-8AC5-713DB59D92DB}.Debug|ARM.ActiveCfg = Debug|ARM
		{5F6D1835-E9A9-479E-8AC5-713DB59D92DB}.Debug|ARM.Build.0 = Debug|ARM
		{5F6D1835-E9A9-479E-8AC5-713DB59D92DB}.Debug|ARM.Deploy.0 = Debug|ARM
		{5F6D1835-E9A9-479E-8AC5-713DB59D92DB}.Debug|ARM64.ActiveCfg = Debug|ARM64
		{5F6D1835-E9A9-479E-8AC5-713DB59D92DB}.Debug|ARM64.Build.0 = Debug|ARM64
		{5F6D1835-E9A9-479E-8AC5-713DB59D92DB}.Debug|ARM64.Deploy.0 = Debug|ARM64
		{5F6D1835-E9A9-479E-8AC5-713DB59D92DB}.Debug|x64.ActiveCfg = Debug|x64
		{5F6D1835-E9A9-479E-8AC5-713DB59D92DB}.Debug|x64.Build.0 = Debug|x64
		{5F6D1835-E9A9-479E-8AC5-713DB59D92DB}.Debug|x64.Deploy.0 = Debug|x64
		{5F6D1835-E9A9-479E-8AC5-713DB59D92DB}.Debug|x86.ActiveCfg = Debug|x86
		{5F6D1835-E9A9-479E-8AC5-713DB59D92DB}.Debug|x86.Build.0 = Debug|x86
		{5F6D1835-E9A9-479E-8AC5-713DB59D92DB}.Debug|x86.Deploy.0 = Debug|x86
		{5F6D1835-E9A9-479E-8AC5-713DB59D92DB}.Release|Any CPU.ActiveCfg = Release|x86
		{5F6D1835-E9A9-479E-8AC5-713DB59D92DB}.Release|ARM.ActiveCfg = Release|ARM
		{5F6D1835-E9A9-479E-8AC5-713DB59D92DB}.Release|ARM.Build.0 = Release|ARM
		{5F6D1835-E9A9-479E-8AC5-713DB59D92DB}.Release|ARM.Deploy.0 = Release|ARM
		{5F6D1835-E9A9-479E-8AC5-713DB59D92DB}.Release|ARM64.ActiveCfg = Release|ARM64
		{5F6D1835-E9A9-479E-8AC5-713DB59D92DB}.Release|ARM64.Build.0 = Release|ARM64
		{5F6D1835-E9A9-479E-8AC5-713DB59D92DB}.Release|ARM64.Deploy.0 = Release|ARM64
		{5F6D1835-E9A9-479E-8AC5-713DB59D92DB}.Release|x64.ActiveCfg = Release|x64
		{5F6D1835-E9A9-479E-8AC5-713DB59D92DB}.Release|x64.Build.0 = Release|x64
		{5F6D1835-E9A9-479E-8AC5-713DB59D92DB}.Release|x64.Deploy.0 = Release|x64
		{5F6D1835-E9A9-479E-8AC5-713DB59D92DB}.Release|x86.ActiveCfg = Release|x86
		{5F6D1835-E9A9-479E-8AC5-713DB59D92DB}.Release|x86.Build.0 = Release|x86
		{5F6D1835-E9A9-479E-8AC5-713DB59D92DB}.Release|x86.Deploy.0 = Release|x86
		{3AAF134A-699B-48F6-AACB-9C5388614714}.Debug|Any CPU.ActiveCfg = Debug|Any CPU
		{3AAF134A-699B-48F6-AACB-9C5388614714}.Debug|Any CPU.Build.0 = Debug|Any CPU
		{3AAF134A-699B-48F6-AACB-9C5388614714}.Debug|ARM.ActiveCfg = Debug|Any CPU
		{3AAF134A-699B-48F6-AACB-9C5388614714}.Debug|ARM.Build.0 = Debug|Any CPU
		{3AAF134A-699B-48F6-AACB-9C5388614714}.Debug|ARM64.ActiveCfg = Debug|Any CPU
		{3AAF134A-699B-48F6-AACB-9C5388614714}.Debug|ARM64.Build.0 = Debug|Any CPU
		{3AAF134A-699B-48F6-AACB-9C5388614714}.Debug|x64.ActiveCfg = Debug|Any CPU
		{3AAF134A-699B-48F6-AACB-9C5388614714}.Debug|x64.Build.0 = Debug|Any CPU
		{3AAF134A-699B-48F6-AACB-9C5388614714}.Debug|x86.ActiveCfg = Debug|Any CPU
		{3AAF134A-699B-48F6-AACB-9C5388614714}.Debug|x86.Build.0 = Debug|Any CPU
		{3AAF134A-699B-48F6-AACB-9C5388614714}.Release|Any CPU.ActiveCfg = Release|Any CPU
		{3AAF134A-699B-48F6-AACB-9C5388614714}.Release|Any CPU.Build.0 = Release|Any CPU
		{3AAF134A-699B-48F6-AACB-9C5388614714}.Release|ARM.ActiveCfg = Release|Any CPU
		{3AAF134A-699B-48F6-AACB-9C5388614714}.Release|ARM.Build.0 = Release|Any CPU
		{3AAF134A-699B-48F6-AACB-9C5388614714}.Release|ARM64.ActiveCfg = Release|Any CPU
		{3AAF134A-699B-48F6-AACB-9C5388614714}.Release|ARM64.Build.0 = Release|Any CPU
		{3AAF134A-699B-48F6-AACB-9C5388614714}.Release|x64.ActiveCfg = Release|Any CPU
		{3AAF134A-699B-48F6-AACB-9C5388614714}.Release|x64.Build.0 = Release|Any CPU
		{3AAF134A-699B-48F6-AACB-9C5388614714}.Release|x86.ActiveCfg = Release|Any CPU
		{3AAF134A-699B-48F6-AACB-9C5388614714}.Release|x86.Build.0 = Release|Any CPU
		{F687E031-36D1-4B68-9F62-F855F4D9860D}.Debug|Any CPU.ActiveCfg = Debug|Any CPU
		{F687E031-36D1-4B68-9F62-F855F4D9860D}.Debug|Any CPU.Build.0 = Debug|Any CPU
		{F687E031-36D1-4B68-9F62-F855F4D9860D}.Debug|ARM.ActiveCfg = Debug|Any CPU
		{F687E031-36D1-4B68-9F62-F855F4D9860D}.Debug|ARM.Build.0 = Debug|Any CPU
		{F687E031-36D1-4B68-9F62-F855F4D9860D}.Debug|ARM64.ActiveCfg = Debug|Any CPU
		{F687E031-36D1-4B68-9F62-F855F4D9860D}.Debug|ARM64.Build.0 = Debug|Any CPU
		{F687E031-36D1-4B68-9F62-F855F4D9860D}.Debug|x64.ActiveCfg = Debug|Any CPU
		{F687E031-36D1-4B68-9F62-F855F4D9860D}.Debug|x64.Build.0 = Debug|Any CPU
		{F687E031-36D1-4B68-9F62-F855F4D9860D}.Debug|x86.ActiveCfg = Debug|Any CPU
		{F687E031-36D1-4B68-9F62-F855F4D9860D}.Debug|x86.Build.0 = Debug|Any CPU
		{F687E031-36D1-4B68-9F62-F855F4D9860D}.Release|Any CPU.ActiveCfg = Release|Any CPU
		{F687E031-36D1-4B68-9F62-F855F4D9860D}.Release|Any CPU.Build.0 = Release|Any CPU
		{F687E031-36D1-4B68-9F62-F855F4D9860D}.Release|ARM.ActiveCfg = Release|Any CPU
		{F687E031-36D1-4B68-9F62-F855F4D9860D}.Release|ARM.Build.0 = Release|Any CPU
		{F687E031-36D1-4B68-9F62-F855F4D9860D}.Release|ARM64.ActiveCfg = Release|Any CPU
		{F687E031-36D1-4B68-9F62-F855F4D9860D}.Release|ARM64.Build.0 = Release|Any CPU
		{F687E031-36D1-4B68-9F62-F855F4D9860D}.Release|x64.ActiveCfg = Release|Any CPU
		{F687E031-36D1-4B68-9F62-F855F4D9860D}.Release|x64.Build.0 = Release|Any CPU
		{F687E031-36D1-4B68-9F62-F855F4D9860D}.Release|x86.ActiveCfg = Release|Any CPU
		{F687E031-36D1-4B68-9F62-F855F4D9860D}.Release|x86.Build.0 = Release|Any CPU
		{515B9FA6-3B71-4B33-A80B-E2E3CA3CE538}.Debug|Any CPU.ActiveCfg = Debug|Any CPU
		{515B9FA6-3B71-4B33-A80B-E2E3CA3CE538}.Debug|Any CPU.Build.0 = Debug|Any CPU
		{515B9FA6-3B71-4B33-A80B-E2E3CA3CE538}.Debug|ARM.ActiveCfg = Debug|Any CPU
		{515B9FA6-3B71-4B33-A80B-E2E3CA3CE538}.Debug|ARM.Build.0 = Debug|Any CPU
		{515B9FA6-3B71-4B33-A80B-E2E3CA3CE538}.Debug|ARM64.ActiveCfg = Debug|Any CPU
		{515B9FA6-3B71-4B33-A80B-E2E3CA3CE538}.Debug|ARM64.Build.0 = Debug|Any CPU
		{515B9FA6-3B71-4B33-A80B-E2E3CA3CE538}.Debug|x64.ActiveCfg = Debug|Any CPU
		{515B9FA6-3B71-4B33-A80B-E2E3CA3CE538}.Debug|x64.Build.0 = Debug|Any CPU
		{515B9FA6-3B71-4B33-A80B-E2E3CA3CE538}.Debug|x86.ActiveCfg = Debug|Any CPU
		{515B9FA6-3B71-4B33-A80B-E2E3CA3CE538}.Debug|x86.Build.0 = Debug|Any CPU
		{515B9FA6-3B71-4B33-A80B-E2E3CA3CE538}.Release|Any CPU.ActiveCfg = Release|Any CPU
		{515B9FA6-3B71-4B33-A80B-E2E3CA3CE538}.Release|Any CPU.Build.0 = Release|Any CPU
		{515B9FA6-3B71-4B33-A80B-E2E3CA3CE538}.Release|ARM.ActiveCfg = Release|Any CPU
		{515B9FA6-3B71-4B33-A80B-E2E3CA3CE538}.Release|ARM.Build.0 = Release|Any CPU
		{515B9FA6-3B71-4B33-A80B-E2E3CA3CE538}.Release|ARM64.ActiveCfg = Release|Any CPU
		{515B9FA6-3B71-4B33-A80B-E2E3CA3CE538}.Release|ARM64.Build.0 = Release|Any CPU
		{515B9FA6-3B71-4B33-A80B-E2E3CA3CE538}.Release|x64.ActiveCfg = Release|Any CPU
		{515B9FA6-3B71-4B33-A80B-E2E3CA3CE538}.Release|x64.Build.0 = Release|Any CPU
		{515B9FA6-3B71-4B33-A80B-E2E3CA3CE538}.Release|x86.ActiveCfg = Release|Any CPU
		{515B9FA6-3B71-4B33-A80B-E2E3CA3CE538}.Release|x86.Build.0 = Release|Any CPU
	EndGlobalSection
	GlobalSection(SolutionProperties) = preSolution
		HideSolutionNode = FALSE
	EndGlobalSection
	GlobalSection(NestedProjects) = preSolution
		{B7C57464-8A5F-4463-A7FD-C187BF4FF7C0} = {4BD170EA-2711-4C27-B2A2-1C02E4DDF62D}
		{5F6D1835-E9A9-479E-8AC5-713DB59D92DB} = {4BD170EA-2711-4C27-B2A2-1C02E4DDF62D}
		{3AAF134A-699B-48F6-AACB-9C5388614714} = {4BD170EA-2711-4C27-B2A2-1C02E4DDF62D}
		{F687E031-36D1-4B68-9F62-F855F4D9860D} = {4BD170EA-2711-4C27-B2A2-1C02E4DDF62D}
		{515B9FA6-3B71-4B33-A80B-E2E3CA3CE538} = {4BD170EA-2711-4C27-B2A2-1C02E4DDF62D}
	EndGlobalSection
	GlobalSection(ExtensibilityGlobals) = postSolution
		SolutionGuid = {8464B95B-5B43-4F33-B3A0-900960327340}
	EndGlobalSection
EndGlobal
